{
  "version": 4,
  "terraform_version": "1.2.2",
  "serial": 33,
  "lineage": "de95757b-1fd6-ef31-bb87-64b296165847",
  "outputs": {
    "web_lb_public_ip_address": {
      "value": "20.168.254.231",
      "type": "string"
    }
  },
  "resources": [
    {
      "mode": "managed",
      "type": "azurerm_lb",
      "name": "web_lb",
      "provider": "provider[\"registry.terraform.io/hashicorp/azurerm\"]",
      "instances": [
        {
          "schema_version": 0,
          "attributes": {
            "edge_zone": "",
            "frontend_ip_configuration": [
              {
                "gateway_load_balancer_frontend_ip_configuration_id": "",
                "id": "/subscriptions/d379b4a7-3994-452b-b9e8-c084520b1523/resourceGroups/hr-dev-rg-default-mrbacc/providers/Microsoft.Network/loadBalancers/hr-dev-web-lb/frontendIPConfigurations/web-lb-public-ip-1",
                "inbound_nat_rules": [],
                "load_balancer_rules": [
                  "/subscriptions/d379b4a7-3994-452b-b9e8-c084520b1523/resourceGroups/hr-dev-rg-default-mrbacc/providers/Microsoft.Network/loadBalancers/hr-dev-web-lb/loadBalancingRules/web-app-rule"
                ],
                "name": "web-lb-public-ip-1",
                "outbound_rules": [],
                "private_ip_address": "",
                "private_ip_address_allocation": "Dynamic",
                "private_ip_address_version": "",
                "public_ip_address_id": "/subscriptions/d379b4a7-3994-452b-b9e8-c084520b1523/resourceGroups/hr-dev-rg-default-mrbacc/providers/Microsoft.Network/publicIPAddresses/hr-dev-lbpublicip",
                "public_ip_prefix_id": "",
                "subnet_id": "",
                "zones": []
              }
            ],
            "id": "/subscriptions/d379b4a7-3994-452b-b9e8-c084520b1523/resourceGroups/hr-dev-rg-default-mrbacc/providers/Microsoft.Network/loadBalancers/hr-dev-web-lb",
            "location": "eastus",
            "name": "hr-dev-web-lb",
            "private_ip_address": "",
            "private_ip_addresses": [],
            "resource_group_name": "hr-dev-rg-default-mrbacc",
            "sku": "Standard",
            "sku_tier": "Regional",
            "tags": {},
            "timeouts": null
          },
          "sensitive_attributes": [],
          "private": "eyJlMmJmYjczMC1lY2FhLTExZTYtOGY4OC0zNDM2M2JjN2M0YzAiOnsiY3JlYXRlIjoxODAwMDAwMDAwMDAwLCJkZWxldGUiOjE4MDAwMDAwMDAwMDAsInJlYWQiOjMwMDAwMDAwMDAwMCwidXBkYXRlIjoxODAwMDAwMDAwMDAwfX0=",
          "dependencies": [
            "azurerm_public_ip.web_lbpublicip",
            "azurerm_resource_group.rg",
            "random_string.myrandom"
          ]
        }
      ]
    },
    {
      "mode": "managed",
      "type": "azurerm_lb_backend_address_pool",
      "name": "web_lb_backend_address_pool",
      "provider": "provider[\"registry.terraform.io/hashicorp/azurerm\"]",
      "instances": [
        {
          "schema_version": 0,
          "attributes": {
            "backend_ip_configurations": [
              "/subscriptions/d379b4a7-3994-452b-b9e8-c084520b1523/resourceGroups/hr-dev-rg-default-mrbacc/providers/Microsoft.Compute/virtualMachineScaleSets/hr-dev-web-vmss/virtualMachines/0/networkInterfaces/web-vmss-nic/ipConfigurations/internal",
              "/subscriptions/d379b4a7-3994-452b-b9e8-c084520b1523/resourceGroups/hr-dev-rg-default-mrbacc/providers/Microsoft.Compute/virtualMachineScaleSets/hr-dev-web-vmss/virtualMachines/3/networkInterfaces/web-vmss-nic/ipConfigurations/internal"
            ],
            "id": "/subscriptions/d379b4a7-3994-452b-b9e8-c084520b1523/resourceGroups/hr-dev-rg-default-mrbacc/providers/Microsoft.Network/loadBalancers/hr-dev-web-lb/backendAddressPools/web-backend",
            "load_balancing_rules": [
              "/subscriptions/d379b4a7-3994-452b-b9e8-c084520b1523/resourceGroups/hr-dev-rg-default-mrbacc/providers/Microsoft.Network/loadBalancers/hr-dev-web-lb/loadBalancingRules/web-app-rule"
            ],
            "loadbalancer_id": "/subscriptions/d379b4a7-3994-452b-b9e8-c084520b1523/resourceGroups/hr-dev-rg-default-mrbacc/providers/Microsoft.Network/loadBalancers/hr-dev-web-lb",
            "name": "web-backend",
            "outbound_rules": [],
            "timeouts": null,
            "tunnel_interface": []
          },
          "sensitive_attributes": [],
          "private": "eyJlMmJmYjczMC1lY2FhLTExZTYtOGY4OC0zNDM2M2JjN2M0YzAiOnsiY3JlYXRlIjoxODAwMDAwMDAwMDAwLCJkZWxldGUiOjE4MDAwMDAwMDAwMDAsInJlYWQiOjMwMDAwMDAwMDAwMCwidXBkYXRlIjoxODAwMDAwMDAwMDAwfX0=",
          "dependencies": [
            "azurerm_lb.web_lb",
            "azurerm_public_ip.web_lbpublicip",
            "azurerm_resource_group.rg",
            "random_string.myrandom"
          ]
        }
      ]
    },
    {
      "mode": "managed",
      "type": "azurerm_lb_probe",
      "name": "example",
      "provider": "provider[\"registry.terraform.io/hashicorp/azurerm\"]",
      "instances": [
        {
          "schema_version": 0,
          "attributes": {
            "id": "/subscriptions/d379b4a7-3994-452b-b9e8-c084520b1523/resourceGroups/hr-dev-rg-default-mrbacc/providers/Microsoft.Network/loadBalancers/hr-dev-web-lb/probes/http-port",
            "interval_in_seconds": 15,
            "load_balancer_rules": [
              "/subscriptions/d379b4a7-3994-452b-b9e8-c084520b1523/resourceGroups/hr-dev-rg-default-mrbacc/providers/Microsoft.Network/loadBalancers/hr-dev-web-lb/loadBalancingRules/web-app-rule"
            ],
            "loadbalancer_id": "/subscriptions/d379b4a7-3994-452b-b9e8-c084520b1523/resourceGroups/hr-dev-rg-default-mrbacc/providers/Microsoft.Network/loadBalancers/hr-dev-web-lb",
            "name": "http-port",
            "number_of_probes": 2,
            "port": 80,
            "protocol": "Tcp",
            "request_path": "",
            "timeouts": null
          },
          "sensitive_attributes": [],
          "private": "eyJlMmJmYjczMC1lY2FhLTExZTYtOGY4OC0zNDM2M2JjN2M0YzAiOnsiY3JlYXRlIjoxODAwMDAwMDAwMDAwLCJkZWxldGUiOjE4MDAwMDAwMDAwMDAsInJlYWQiOjMwMDAwMDAwMDAwMCwidXBkYXRlIjoxODAwMDAwMDAwMDAwfX0=",
          "dependencies": [
            "azurerm_lb.web_lb",
            "azurerm_public_ip.web_lbpublicip",
            "azurerm_resource_group.rg",
            "random_string.myrandom"
          ]
        }
      ]
    },
    {
      "mode": "managed",
      "type": "azurerm_lb_rule",
      "name": "example",
      "provider": "provider[\"registry.terraform.io/hashicorp/azurerm\"]",
      "instances": [
        {
          "schema_version": 0,
          "attributes": {
            "backend_address_pool_ids": [
              "/subscriptions/d379b4a7-3994-452b-b9e8-c084520b1523/resourceGroups/hr-dev-rg-default-mrbacc/providers/Microsoft.Network/loadBalancers/hr-dev-web-lb/backendAddressPools/web-backend"
            ],
            "backend_port": 80,
            "disable_outbound_snat": false,
            "enable_floating_ip": false,
            "enable_tcp_reset": false,
            "frontend_ip_configuration_id": "/subscriptions/d379b4a7-3994-452b-b9e8-c084520b1523/resourceGroups/hr-dev-rg-default-mrbacc/providers/Microsoft.Network/loadBalancers/hr-dev-web-lb/frontendIPConfigurations/web-lb-public-ip-1",
            "frontend_ip_configuration_name": "web-lb-public-ip-1",
            "frontend_port": 80,
            "id": "/subscriptions/d379b4a7-3994-452b-b9e8-c084520b1523/resourceGroups/hr-dev-rg-default-mrbacc/providers/Microsoft.Network/loadBalancers/hr-dev-web-lb/loadBalancingRules/web-app-rule",
            "idle_timeout_in_minutes": 4,
            "load_distribution": "Default",
            "loadbalancer_id": "/subscriptions/d379b4a7-3994-452b-b9e8-c084520b1523/resourceGroups/hr-dev-rg-default-mrbacc/providers/Microsoft.Network/loadBalancers/hr-dev-web-lb",
            "name": "web-app-rule",
            "probe_id": "/subscriptions/d379b4a7-3994-452b-b9e8-c084520b1523/resourceGroups/hr-dev-rg-default-mrbacc/providers/Microsoft.Network/loadBalancers/hr-dev-web-lb/probes/http-port",
            "protocol": "Tcp",
            "timeouts": null
          },
          "sensitive_attributes": [],
          "private": "eyJlMmJmYjczMC1lY2FhLTExZTYtOGY4OC0zNDM2M2JjN2M0YzAiOnsiY3JlYXRlIjoxODAwMDAwMDAwMDAwLCJkZWxldGUiOjE4MDAwMDAwMDAwMDAsInJlYWQiOjMwMDAwMDAwMDAwMCwidXBkYXRlIjoxODAwMDAwMDAwMDAwfX0=",
          "dependencies": [
            "azurerm_lb.web_lb",
            "azurerm_lb_backend_address_pool.web_lb_backend_address_pool",
            "azurerm_lb_probe.example",
            "azurerm_public_ip.web_lbpublicip",
            "azurerm_resource_group.rg",
            "random_string.myrandom"
          ]
        }
      ]
    },
    {
      "mode": "managed",
      "type": "azurerm_linux_virtual_machine",
      "name": "bstion_linuxvm",
      "provider": "provider[\"registry.terraform.io/hashicorp/azurerm\"]",
      "instances": [
        {
          "schema_version": 0,
          "attributes": {
            "additional_capabilities": [],
            "admin_password": null,
            "admin_ssh_key": [
              {
                "public_key": "ssh-rsa AAAAB3NzaC1yc2EAAAADAQABAAACAQDEkull2st4dAjVjM4Kgt2w0/+6LLYqgFxEEZJRdWKUEoHpfcy20u2+xoUEUzpXH/rJe9ISZbR7yPAXFLuvF2IDn0gwUOCm60KqvGXpsCPQl/b/s5ZpDX5OPYDpkG8jZ7NyVygnErbutbLwxXgwq44l80KEwwSMPendOt7EHFjc3HUBSbXmqASFPUqFAu9stH3y745bsVEcbhfieMpvaXsxRzxsX8575gIepZs2Xh2uy8NTk+1FDk40mBWWnIA10gGREOHyDxiYBtb9Vh7+t/Pb098vrn4vbzHnY9Kj7o9lXYzHHAfVSk1j6opJVNtjyU6a0Km8hY3mkYtFGV7Pj1JHUBTRPqfl8zWX1EwLj4hWyGyK401ukxM6R0UYSWMJWgxAtvzxbNdZJ07po2WLVhk8MYu4/BtY4tkbS53D84rIPSCLiR9lScXgAZOoJm5Auc1B9pdUUNjyLr+tmnMy5wSfWIZJ4GGm+MJpvZ3Pqlb8Gr/4Dzuat3hK3ckGvGY34Xmp5ghoFSzmx6fm8K7UNQrCuJG2yGHowwtVyW0LErUX6icWao3Ov8scLufgqoO92DQ/NF0TWFWNX7lU5RL5ZOpCJ7crdNF2y5mSKaeZzMA89Cju3Cr7MvyyohtFeM6NEK3mm2Ips6858a8tFs+ozs8bUQEbfP6mJGXwpKPTwsb9CQ== azureuser@myserver\r\n",
                "username": "azureuser"
              }
            ],
            "admin_username": "azureuser",
            "allow_extension_operations": true,
            "availability_set_id": "",
            "boot_diagnostics": [],
            "computer_name": "hr-dev-bastion-linux-vm",
            "custom_data": null,
            "dedicated_host_group_id": "",
            "dedicated_host_id": "",
            "disable_password_authentication": true,
            "edge_zone": "",
            "encryption_at_host_enabled": false,
            "eviction_policy": "",
            "extensions_time_budget": "PT1H30M",
            "id": "/subscriptions/d379b4a7-3994-452b-b9e8-c084520b1523/resourceGroups/hr-dev-rg-default-mrbacc/providers/Microsoft.Compute/virtualMachines/hr-dev-bastion-linux-vm",
            "identity": [],
            "license_type": "",
            "location": "eastus",
            "max_bid_price": -1,
            "name": "hr-dev-bastion-linux-vm",
            "network_interface_ids": [
              "/subscriptions/d379b4a7-3994-452b-b9e8-c084520b1523/resourceGroups/hr-dev-rg-default-mrbacc/providers/Microsoft.Network/networkInterfaces/hr-dev-bastion-linux-nic"
            ],
            "os_disk": [
              {
                "caching": "ReadWrite",
                "diff_disk_settings": [],
                "disk_encryption_set_id": "",
                "disk_size_gb": 64,
                "name": "hr-dev-bastion-linux-vm_OsDisk_1_55ba69f6c7e54f7b873c846899606678",
                "storage_account_type": "Standard_LRS",
                "write_accelerator_enabled": false
              }
            ],
            "patch_mode": "ImageDefault",
            "plan": [],
            "platform_fault_domain": -1,
            "priority": "Regular",
            "private_ip_address": "10.0.100.4",
            "private_ip_addresses": [
              "10.0.100.4"
            ],
            "provision_vm_agent": true,
            "proximity_placement_group_id": "",
            "public_ip_address": "20.168.254.235",
            "public_ip_addresses": [
              "20.168.254.235"
            ],
            "resource_group_name": "hr-dev-rg-default-mrbacc",
            "secret": [],
            "secure_boot_enabled": false,
            "size": "Standard_DS1_v2",
            "source_image_id": "",
            "source_image_reference": [
              {
                "offer": "RHEL",
                "publisher": "RedHat",
                "sku": "83-gen2",
                "version": "latest"
              }
            ],
            "tags": {},
            "termination_notification": [],
            "timeouts": null,
            "user_data": "",
            "virtual_machine_id": "015fded3-3feb-4c52-8981-2b390c3d768f",
            "virtual_machine_scale_set_id": "",
            "vtpm_enabled": false,
            "zone": ""
          },
          "sensitive_attributes": [],
          "private": "eyJlMmJmYjczMC1lY2FhLTExZTYtOGY4OC0zNDM2M2JjN2M0YzAiOnsiY3JlYXRlIjoyNzAwMDAwMDAwMDAwLCJkZWxldGUiOjI3MDAwMDAwMDAwMDAsInJlYWQiOjMwMDAwMDAwMDAwMCwidXBkYXRlIjoyNzAwMDAwMDAwMDAwfX0=",
          "dependencies": [
            "azurerm_network_interface.bastion_linux_vm_nic",
            "azurerm_resource_group.rg"
          ]
        }
      ]
    },
    {
      "mode": "managed",
      "type": "azurerm_linux_virtual_machine_scale_set",
      "name": "web_vmss",
      "provider": "provider[\"registry.terraform.io/hashicorp/azurerm\"]",
      "instances": [
        {
          "schema_version": 0,
          "attributes": {
            "additional_capabilities": [],
            "admin_password": null,
            "admin_ssh_key": [
              {
                "public_key": "ssh-rsa AAAAB3NzaC1yc2EAAAADAQABAAACAQDEkull2st4dAjVjM4Kgt2w0/+6LLYqgFxEEZJRdWKUEoHpfcy20u2+xoUEUzpXH/rJe9ISZbR7yPAXFLuvF2IDn0gwUOCm60KqvGXpsCPQl/b/s5ZpDX5OPYDpkG8jZ7NyVygnErbutbLwxXgwq44l80KEwwSMPendOt7EHFjc3HUBSbXmqASFPUqFAu9stH3y745bsVEcbhfieMpvaXsxRzxsX8575gIepZs2Xh2uy8NTk+1FDk40mBWWnIA10gGREOHyDxiYBtb9Vh7+t/Pb098vrn4vbzHnY9Kj7o9lXYzHHAfVSk1j6opJVNtjyU6a0Km8hY3mkYtFGV7Pj1JHUBTRPqfl8zWX1EwLj4hWyGyK401ukxM6R0UYSWMJWgxAtvzxbNdZJ07po2WLVhk8MYu4/BtY4tkbS53D84rIPSCLiR9lScXgAZOoJm5Auc1B9pdUUNjyLr+tmnMy5wSfWIZJ4GGm+MJpvZ3Pqlb8Gr/4Dzuat3hK3ckGvGY34Xmp5ghoFSzmx6fm8K7UNQrCuJG2yGHowwtVyW0LErUX6icWao3Ov8scLufgqoO92DQ/NF0TWFWNX7lU5RL5ZOpCJ7crdNF2y5mSKaeZzMA89Cju3Cr7MvyyohtFeM6NEK3mm2Ips6858a8tFs+ozs8bUQEbfP6mJGXwpKPTwsb9CQ== azureuser@myserver\r\n",
                "username": "azureuser"
              }
            ],
            "admin_username": "azureuser",
            "automatic_instance_repair": [
              {
                "enabled": false,
                "grace_period": "PT30M"
              }
            ],
            "automatic_os_upgrade_policy": [],
            "boot_diagnostics": [],
            "computer_name_prefix": "hr-dev-web-vmss",
            "custom_data": "IyEvYmluL3NoDQojc3VkbyB5dW0gdXBkYXRlIC15DQpzdWRvIHl1bSBpbnN0YWxsIC15IGh0dHBkDQpzdWRvIHN5c3RlbWN0bCBlbmFibGUgaHR0cGQNCnN1ZG8gc3lzdGVtY3RsIHN0YXJ0IGh0dHBkICANCnN1ZG8gc3lzdGVtY3RsIHN0b3AgZmlyZXdhbGxkDQpzdWRvIHN5c3RlbWN0bCBkaXNhYmxlIGZpcmV3YWxsZA0Kc3VkbyBjaG1vZCAtUiA3NzcgL3Zhci93d3cvaHRtbCANCnN1ZG8gZWNobyAiV2VsY29tZSB0byBjbG91ZDQgLSBXZWJWTSBBcHAxIC0gVk0gSG9zdG5hbWU6ICQoaG9zdG5hbWUpIiA+IC92YXIvd3d3L2h0bWwvaW5kZXguaHRtbA0Kc3VkbyBta2RpciAvdmFyL3d3dy9odG1sL2FwcDENCnN1ZG8gZWNobyAiV2VsY29tZSB0byBjbG91ZDQgLSBXZWJWTSBBcHAxIC0gVk0gSG9zdG5hbWU6ICQoaG9zdG5hbWUpIiA+IC92YXIvd3d3L2h0bWwvYXBwMS9ob3N0bmFtZS5odG1sDQpzdWRvIGVjaG8gIldlbGNvbWUgdG8gY2xvdWQ0IC0gV2ViVk0gQXBwMSAtIEFwcDEgU3RhdHVzIFBhZ2UiID4gL3Zhci93d3cvaHRtbC9hcHAxL3N0YXR1cy5odG1sDQpzdWRvIGVjaG8gJzwhRE9DVFlQRSBodG1sPiA8aHRtbD4gPGJvZHkgc3R5bGU9ImJhY2tncm91bmQtY29sb3I6cmdiKDI1MCwgMjEwLCAyMTApOyI+IDxoMT5XZWxjb21lIHRvIGNsb3VkNCAtIFdlYlZNIEFQUC0xIDwvaDE+IDxwPlRlcnJhZm9ybSBEZW1vPC9wPiA8cD5BcHBsaWNhdGlvbiBWZXJzaW9uOiBWMTwvcD4gPC9ib2R5PjwvaHRtbD4nIHwgc3VkbyB0ZWUgL3Zhci93d3cvaHRtbC9hcHAxL2luZGV4Lmh0bWwNCnN1ZG8gY3VybCAtSCAiTWV0YWRhdGE6dHJ1ZSIgLS1ub3Byb3h5ICIqIiAiaHR0cDovLzE2OS4yNTQuMTY5LjI1NC9tZXRhZGF0YS9pbnN0YW5jZT9hcGktdmVyc2lvbj0yMDIwLTA5LTAxIiAtbyAvdmFyL3d3dy9odG1sL2FwcDEvbWV0YWRhdGEuaHRtbA0K",
            "data_disk": [],
            "disable_password_authentication": true,
            "do_not_run_extensions_on_overprovisioned_machines": false,
            "edge_zone": "",
            "encryption_at_host_enabled": false,
            "eviction_policy": "",
            "extension": [],
            "extensions_time_budget": "PT1H30M",
            "health_probe_id": "",
            "id": "/subscriptions/d379b4a7-3994-452b-b9e8-c084520b1523/resourceGroups/hr-dev-rg-default-mrbacc/providers/Microsoft.Compute/virtualMachineScaleSets/hr-dev-web-vmss",
            "identity": [],
            "instances": 2,
            "location": "eastus",
            "max_bid_price": -1,
            "name": "hr-dev-web-vmss",
            "network_interface": [
              {
                "dns_servers": [],
                "enable_accelerated_networking": false,
                "enable_ip_forwarding": false,
                "ip_configuration": [
                  {
                    "application_gateway_backend_address_pool_ids": [],
                    "application_security_group_ids": [],
                    "load_balancer_backend_address_pool_ids": [
                      "/subscriptions/d379b4a7-3994-452b-b9e8-c084520b1523/resourceGroups/hr-dev-rg-default-mrbacc/providers/Microsoft.Network/loadBalancers/hr-dev-web-lb/backendAddressPools/web-backend"
                    ],
                    "load_balancer_inbound_nat_rules_ids": [],
                    "name": "internal",
                    "primary": true,
                    "public_ip_address": [],
                    "subnet_id": "/subscriptions/d379b4a7-3994-452b-b9e8-c084520b1523/resourceGroups/hr-dev-rg-default-mrbacc/providers/Microsoft.Network/virtualNetworks/hr-dev-vnet-default/subnets/hr-dev-vnet-default-websubnet",
                    "version": "IPv4"
                  }
                ],
                "name": "web-vmss-nic",
                "network_security_group_id": "/subscriptions/d379b4a7-3994-452b-b9e8-c084520b1523/resourceGroups/hr-dev-rg-default-mrbacc/providers/Microsoft.Network/networkSecurityGroups/hr-dev-web-vmss-nsg",
                "primary": true
              }
            ],
            "os_disk": [
              {
                "caching": "ReadWrite",
                "diff_disk_settings": [],
                "disk_encryption_set_id": "",
                "disk_size_gb": 64,
                "storage_account_type": "Standard_LRS",
                "write_accelerator_enabled": false
              }
            ],
            "overprovision": true,
            "plan": [],
            "platform_fault_domain_count": 0,
            "priority": "Regular",
            "provision_vm_agent": true,
            "proximity_placement_group_id": "",
            "resource_group_name": "hr-dev-rg-default-mrbacc",
            "rolling_upgrade_policy": [],
            "scale_in_policy": "Default",
            "secret": [],
            "secure_boot_enabled": false,
            "single_placement_group": true,
            "sku": "Standard_DS1_V2",
            "source_image_id": "",
            "source_image_reference": [
              {
                "offer": "RHEL",
                "publisher": "RedHat",
                "sku": "83-gen2",
                "version": "latest"
              }
            ],
            "tags": {},
            "terminate_notification": [],
            "timeouts": null,
            "unique_id": "482a9a3e-489e-4d32-bfde-3d22293b94ce",
            "upgrade_mode": "Automatic",
            "user_data": "",
            "vtpm_enabled": false,
            "zone_balance": false,
            "zones": []
          },
          "sensitive_attributes": [],
          "private": "eyJlMmJmYjczMC1lY2FhLTExZTYtOGY4OC0zNDM2M2JjN2M0YzAiOnsiY3JlYXRlIjozNjAwMDAwMDAwMDAwLCJkZWxldGUiOjM2MDAwMDAwMDAwMDAsInJlYWQiOjMwMDAwMDAwMDAwMCwidXBkYXRlIjozNjAwMDAwMDAwMDAwfX0=",
          "dependencies": [
            "azurerm_lb.web_lb",
            "azurerm_lb_backend_address_pool.web_lb_backend_address_pool",
            "azurerm_network_security_group.web_vmss_nsg",
            "azurerm_public_ip.web_lbpublicip",
            "azurerm_resource_group.rg",
            "azurerm_subnet.websubnet",
            "azurerm_virtual_network.vnet",
            "random_string.myrandom"
          ]
        }
      ]
    },
    {
      "mode": "managed",
      "type": "azurerm_monitor_autoscale_setting",
      "name": "web_vmss_autoscale",
      "provider": "provider[\"registry.terraform.io/hashicorp/azurerm\"]",
      "instances": [
        {
          "schema_version": 1,
          "attributes": {
            "enabled": true,
            "id": "/subscriptions/d379b4a7-3994-452b-b9e8-c084520b1523/resourceGroups/hr-dev-rg-default-mrbacc/providers/Microsoft.Insights/autoscaleSettings/hr-dev-web-vmss-autoscale-profiles",
            "location": "eastus",
            "name": "hr-dev-web-vmss-autoscale-profiles",
            "notification": [
              {
                "email": [
                  {
                    "custom_emails": [
                      "gopal1409@gmail.com"
                    ],
                    "send_to_subscription_administrator": true,
                    "send_to_subscription_co_administrator": true
                  }
                ],
                "webhook": []
              }
            ],
            "profile": [
              {
                "capacity": [
                  {
                    "default": 2,
                    "maximum": 6,
                    "minimum": 2
                  }
                ],
                "fixed_date": [],
                "name": "default",
                "recurrence": [],
                "rule": [
                  {
                    "metric_trigger": [
                      {
                        "dimensions": [],
                        "divide_by_instance_count": false,
                        "metric_name": "Percentage CPU",
                        "metric_namespace": "microsoft.compute/virtualmachinescalesets",
                        "metric_resource_id": "/subscriptions/d379b4a7-3994-452b-b9e8-c084520b1523/resourceGroups/hr-dev-rg-default-mrbacc/providers/Microsoft.Compute/virtualMachineScaleSets/hr-dev-web-vmss",
                        "operator": "GreaterThan",
                        "statistic": "Average",
                        "threshold": 75,
                        "time_aggregation": "Average",
                        "time_grain": "PT1M",
                        "time_window": "PT5M"
                      }
                    ],
                    "scale_action": [
                      {
                        "cooldown": "PT5M",
                        "direction": "Increase",
                        "type": "ChangeCount",
                        "value": 1
                      }
                    ]
                  },
                  {
                    "metric_trigger": [
                      {
                        "dimensions": [],
                        "divide_by_instance_count": false,
                        "metric_name": "Percentage CPU",
                        "metric_namespace": "microsoft.compute/virtualmachinescalesets",
                        "metric_resource_id": "/subscriptions/d379b4a7-3994-452b-b9e8-c084520b1523/resourceGroups/hr-dev-rg-default-mrbacc/providers/Microsoft.Compute/virtualMachineScaleSets/hr-dev-web-vmss",
                        "operator": "LessThan",
                        "statistic": "Average",
                        "threshold": 25,
                        "time_aggregation": "Average",
                        "time_grain": "PT1M",
                        "time_window": "PT5M"
                      }
                    ],
                    "scale_action": [
                      {
                        "cooldown": "PT5M",
                        "direction": "Decrease",
                        "type": "ChangeCount",
                        "value": 1
                      }
                    ]
                  },
                  {
                    "metric_trigger": [
                      {
                        "dimensions": [],
                        "divide_by_instance_count": false,
                        "metric_name": "Available Memory Bytes",
                        "metric_namespace": "microsoft.compute/virtualmachinescalesets",
                        "metric_resource_id": "/subscriptions/d379b4a7-3994-452b-b9e8-c084520b1523/resourceGroups/hr-dev-rg-default-mrbacc/providers/Microsoft.Compute/virtualMachineScaleSets/hr-dev-web-vmss",
                        "operator": "LessThan",
                        "statistic": "Average",
                        "threshold": 1073741824,
                        "time_aggregation": "Average",
                        "time_grain": "PT1M",
                        "time_window": "PT5M"
                      }
                    ],
                    "scale_action": [
                      {
                        "cooldown": "PT5M",
                        "direction": "Increase",
                        "type": "ChangeCount",
                        "value": 1
                      }
                    ]
                  },
                  {
                    "metric_trigger": [
                      {
                        "dimensions": [],
                        "divide_by_instance_count": false,
                        "metric_name": "Available Memory Bytes",
                        "metric_namespace": "microsoft.compute/virtualmachinescalesets",
                        "metric_resource_id": "/subscriptions/d379b4a7-3994-452b-b9e8-c084520b1523/resourceGroups/hr-dev-rg-default-mrbacc/providers/Microsoft.Compute/virtualMachineScaleSets/hr-dev-web-vmss",
                        "operator": "GreaterThan",
                        "statistic": "Average",
                        "threshold": 2147483648,
                        "time_aggregation": "Average",
                        "time_grain": "PT1M",
                        "time_window": "PT5M"
                      }
                    ],
                    "scale_action": [
                      {
                        "cooldown": "PT5M",
                        "direction": "Decrease",
                        "type": "ChangeCount",
                        "value": 1
                      }
                    ]
                  },
                  {
                    "metric_trigger": [
                      {
                        "dimensions": [],
                        "divide_by_instance_count": false,
                        "metric_name": "SYNCount",
                        "metric_namespace": "Microsoft.Network/loadBalancers",
                        "metric_resource_id": "/subscriptions/d379b4a7-3994-452b-b9e8-c084520b1523/resourceGroups/hr-dev-rg-default-mrbacc/providers/Microsoft.Network/loadBalancers/hr-dev-web-lb",
                        "operator": "GreaterThan",
                        "statistic": "Average",
                        "threshold": 10,
                        "time_aggregation": "Average",
                        "time_grain": "PT1M",
                        "time_window": "PT5M"
                      }
                    ],
                    "scale_action": [
                      {
                        "cooldown": "PT5M",
                        "direction": "Increase",
                        "type": "ChangeCount",
                        "value": 1
                      }
                    ]
                  },
                  {
                    "metric_trigger": [
                      {
                        "dimensions": [],
                        "divide_by_instance_count": false,
                        "metric_name": "SYNCount",
                        "metric_namespace": "Microsoft.Network/loadBalancers",
                        "metric_resource_id": "/subscriptions/d379b4a7-3994-452b-b9e8-c084520b1523/resourceGroups/hr-dev-rg-default-mrbacc/providers/Microsoft.Network/loadBalancers/hr-dev-web-lb",
                        "operator": "LessThan",
                        "statistic": "Average",
                        "threshold": 10,
                        "time_aggregation": "Average",
                        "time_grain": "PT1M",
                        "time_window": "PT5M"
                      }
                    ],
                    "scale_action": [
                      {
                        "cooldown": "PT5M",
                        "direction": "Decrease",
                        "type": "ChangeCount",
                        "value": 1
                      }
                    ]
                  }
                ]
              }
            ],
            "resource_group_name": "hr-dev-rg-default-mrbacc",
            "tags": {},
            "target_resource_id": "/subscriptions/d379b4a7-3994-452b-b9e8-c084520b1523/resourceGroups/hr-dev-rg-default-mrbacc/providers/Microsoft.Compute/virtualMachineScaleSets/hr-dev-web-vmss",
            "timeouts": null
          },
          "sensitive_attributes": [],
          "private": "eyJlMmJmYjczMC1lY2FhLTExZTYtOGY4OC0zNDM2M2JjN2M0YzAiOnsiY3JlYXRlIjoxODAwMDAwMDAwMDAwLCJkZWxldGUiOjE4MDAwMDAwMDAwMDAsInJlYWQiOjMwMDAwMDAwMDAwMCwidXBkYXRlIjoxODAwMDAwMDAwMDAwfSwic2NoZW1hX3ZlcnNpb24iOiIxIn0=",
          "dependencies": [
            "azurerm_lb.web_lb",
            "azurerm_lb_backend_address_pool.web_lb_backend_address_pool",
            "azurerm_linux_virtual_machine_scale_set.web_vmss",
            "azurerm_network_security_group.web_vmss_nsg",
            "azurerm_public_ip.web_lbpublicip",
            "azurerm_resource_group.rg",
            "azurerm_subnet.websubnet",
            "azurerm_virtual_network.vnet",
            "random_string.myrandom"
          ]
        }
      ]
    },
    {
      "mode": "managed",
      "type": "azurerm_network_interface",
      "name": "bastion_linux_vm_nic",
      "provider": "provider[\"registry.terraform.io/hashicorp/azurerm\"]",
      "instances": [
        {
          "schema_version": 0,
          "attributes": {
            "applied_dns_servers": [],
            "dns_servers": [],
            "edge_zone": "",
            "enable_accelerated_networking": false,
            "enable_ip_forwarding": false,
            "id": "/subscriptions/d379b4a7-3994-452b-b9e8-c084520b1523/resourceGroups/hr-dev-rg-default-mrbacc/providers/Microsoft.Network/networkInterfaces/hr-dev-bastion-linux-nic",
            "internal_dns_name_label": "",
            "internal_domain_name_suffix": "nrnfvkdiahte5a55mxo4jb51th.bx.internal.cloudapp.net",
            "ip_configuration": [
              {
                "gateway_load_balancer_frontend_ip_configuration_id": "",
                "name": "bastion-linux",
                "primary": true,
                "private_ip_address": "10.0.100.4",
                "private_ip_address_allocation": "Dynamic",
                "private_ip_address_version": "IPv4",
                "public_ip_address_id": "/subscriptions/d379b4a7-3994-452b-b9e8-c084520b1523/resourceGroups/hr-dev-rg-default-mrbacc/providers/Microsoft.Network/publicIPAddresses/hr-dev-bastion-linux-publicip",
                "subnet_id": "/subscriptions/d379b4a7-3994-452b-b9e8-c084520b1523/resourceGroups/hr-dev-rg-default-mrbacc/providers/Microsoft.Network/virtualNetworks/hr-dev-vnet-default/subnets/hr-dev-vnet-default-bastionsubnet"
              }
            ],
            "location": "eastus",
            "mac_address": "00-22-48-2B-0F-7A",
            "name": "hr-dev-bastion-linux-nic",
            "private_ip_address": "10.0.100.4",
            "private_ip_addresses": [
              "10.0.100.4"
            ],
            "resource_group_name": "hr-dev-rg-default-mrbacc",
            "tags": {},
            "timeouts": null,
            "virtual_machine_id": "/subscriptions/d379b4a7-3994-452b-b9e8-c084520b1523/resourceGroups/hr-dev-rg-default-mrbacc/providers/Microsoft.Compute/virtualMachines/hr-dev-bastion-linux-vm"
          },
          "sensitive_attributes": [],
          "private": "eyJlMmJmYjczMC1lY2FhLTExZTYtOGY4OC0zNDM2M2JjN2M0YzAiOnsiY3JlYXRlIjoxODAwMDAwMDAwMDAwLCJkZWxldGUiOjE4MDAwMDAwMDAwMDAsInJlYWQiOjMwMDAwMDAwMDAwMCwidXBkYXRlIjoxODAwMDAwMDAwMDAwfX0=",
          "dependencies": [
            "azurerm_public_ip.bastion_linux_publicip",
            "azurerm_resource_group.rg",
            "azurerm_subnet.bastionsubnet",
            "azurerm_virtual_network.vnet",
            "random_string.myrandom"
          ]
        }
      ]
    },
    {
      "mode": "managed",
      "type": "azurerm_network_security_group",
      "name": "bastion_subnet_nsg",
      "provider": "provider[\"registry.terraform.io/hashicorp/azurerm\"]",
      "instances": [
        {
          "schema_version": 0,
          "attributes": {
            "id": "/subscriptions/d379b4a7-3994-452b-b9e8-c084520b1523/resourceGroups/hr-dev-rg-default-mrbacc/providers/Microsoft.Network/networkSecurityGroups/hr-dev-vnet-default-bastionsubnet-nsg",
            "location": "eastus",
            "name": "hr-dev-vnet-default-bastionsubnet-nsg",
            "resource_group_name": "hr-dev-rg-default-mrbacc",
            "security_rule": [
              {
                "access": "Allow",
                "description": "",
                "destination_address_prefix": "*",
                "destination_address_prefixes": [],
                "destination_application_security_group_ids": [],
                "destination_port_range": "22",
                "destination_port_ranges": [],
                "direction": "Inbound",
                "name": "Rule-Port-22",
                "priority": 100,
                "protocol": "Tcp",
                "source_address_prefix": "*",
                "source_address_prefixes": [],
                "source_application_security_group_ids": [],
                "source_port_range": "*",
                "source_port_ranges": []
              },
              {
                "access": "Allow",
                "description": "",
                "destination_address_prefix": "*",
                "destination_address_prefixes": [],
                "destination_application_security_group_ids": [],
                "destination_port_range": "3389",
                "destination_port_ranges": [],
                "direction": "Inbound",
                "name": "Rule-Port-3389",
                "priority": 110,
                "protocol": "Tcp",
                "source_address_prefix": "*",
                "source_address_prefixes": [],
                "source_application_security_group_ids": [],
                "source_port_range": "*",
                "source_port_ranges": []
              }
            ],
            "tags": {},
            "timeouts": null
          },
          "sensitive_attributes": [],
          "private": "eyJlMmJmYjczMC1lY2FhLTExZTYtOGY4OC0zNDM2M2JjN2M0YzAiOnsiY3JlYXRlIjoxODAwMDAwMDAwMDAwLCJkZWxldGUiOjE4MDAwMDAwMDAwMDAsInJlYWQiOjMwMDAwMDAwMDAwMCwidXBkYXRlIjoxODAwMDAwMDAwMDAwfX0=",
          "dependencies": [
            "azurerm_resource_group.rg",
            "azurerm_subnet.bastionsubnet",
            "azurerm_virtual_network.vnet",
            "random_string.myrandom"
          ]
        }
      ]
    },
    {
      "mode": "managed",
      "type": "azurerm_network_security_group",
      "name": "web_subnet_nsg",
      "provider": "provider[\"registry.terraform.io/hashicorp/azurerm\"]",
      "instances": [
        {
          "schema_version": 0,
          "attributes": {
            "id": "/subscriptions/d379b4a7-3994-452b-b9e8-c084520b1523/resourceGroups/hr-dev-rg-default-mrbacc/providers/Microsoft.Network/networkSecurityGroups/hr-dev-vnet-default-websubnet-nsg",
            "location": "eastus",
            "name": "hr-dev-vnet-default-websubnet-nsg",
            "resource_group_name": "hr-dev-rg-default-mrbacc",
            "security_rule": [
              {
                "access": "Allow",
                "description": "",
                "destination_address_prefix": "*",
                "destination_address_prefixes": [],
                "destination_application_security_group_ids": [],
                "destination_port_range": "22",
                "destination_port_ranges": [],
                "direction": "Inbound",
                "name": "Rule-Port-22",
                "priority": 120,
                "protocol": "Tcp",
                "source_address_prefix": "*",
                "source_address_prefixes": [],
                "source_application_security_group_ids": [],
                "source_port_range": "*",
                "source_port_ranges": []
              },
              {
                "access": "Allow",
                "description": "",
                "destination_address_prefix": "*",
                "destination_address_prefixes": [],
                "destination_application_security_group_ids": [],
                "destination_port_range": "443",
                "destination_port_ranges": [],
                "direction": "Inbound",
                "name": "Rule-Port-443",
                "priority": 110,
                "protocol": "Tcp",
                "source_address_prefix": "*",
                "source_address_prefixes": [],
                "source_application_security_group_ids": [],
                "source_port_range": "*",
                "source_port_ranges": []
              },
              {
                "access": "Allow",
                "description": "",
                "destination_address_prefix": "*",
                "destination_address_prefixes": [],
                "destination_application_security_group_ids": [],
                "destination_port_range": "80",
                "destination_port_ranges": [],
                "direction": "Inbound",
                "name": "Rule-Port-80",
                "priority": 100,
                "protocol": "Tcp",
                "source_address_prefix": "*",
                "source_address_prefixes": [],
                "source_application_security_group_ids": [],
                "source_port_range": "*",
                "source_port_ranges": []
              }
            ],
            "tags": {},
            "timeouts": null
          },
          "sensitive_attributes": [],
          "private": "eyJlMmJmYjczMC1lY2FhLTExZTYtOGY4OC0zNDM2M2JjN2M0YzAiOnsiY3JlYXRlIjoxODAwMDAwMDAwMDAwLCJkZWxldGUiOjE4MDAwMDAwMDAwMDAsInJlYWQiOjMwMDAwMDAwMDAwMCwidXBkYXRlIjoxODAwMDAwMDAwMDAwfX0=",
          "dependencies": [
            "azurerm_resource_group.rg",
            "azurerm_subnet.websubnet",
            "azurerm_virtual_network.vnet",
            "random_string.myrandom"
          ]
        }
      ]
    },
    {
      "mode": "managed",
      "type": "azurerm_network_security_group",
      "name": "web_vmss_nsg",
      "provider": "provider[\"registry.terraform.io/hashicorp/azurerm\"]",
      "instances": [
        {
          "schema_version": 0,
          "attributes": {
            "id": "/subscriptions/d379b4a7-3994-452b-b9e8-c084520b1523/resourceGroups/hr-dev-rg-default-mrbacc/providers/Microsoft.Network/networkSecurityGroups/hr-dev-web-vmss-nsg",
            "location": "eastus",
            "name": "hr-dev-web-vmss-nsg",
            "resource_group_name": "hr-dev-rg-default-mrbacc",
            "security_rule": [
              {
                "access": "Allow",
                "description": "",
                "destination_address_prefix": "*",
                "destination_address_prefixes": [],
                "destination_application_security_group_ids": [],
                "destination_port_range": "22",
                "destination_port_ranges": [],
                "direction": "Inbound",
                "name": "Inbound-Rule-0",
                "priority": 100,
                "protocol": "Tcp",
                "source_address_prefix": "*",
                "source_address_prefixes": [],
                "source_application_security_group_ids": [],
                "source_port_range": "*",
                "source_port_ranges": []
              },
              {
                "access": "Allow",
                "description": "",
                "destination_address_prefix": "*",
                "destination_address_prefixes": [],
                "destination_application_security_group_ids": [],
                "destination_port_range": "443",
                "destination_port_ranges": [],
                "direction": "Inbound",
                "name": "Inbound-Rule-2",
                "priority": 102,
                "protocol": "Tcp",
                "source_address_prefix": "*",
                "source_address_prefixes": [],
                "source_application_security_group_ids": [],
                "source_port_range": "*",
                "source_port_ranges": []
              },
              {
                "access": "Allow",
                "description": "",
                "destination_address_prefix": "*",
                "destination_address_prefixes": [],
                "destination_application_security_group_ids": [],
                "destination_port_range": "80",
                "destination_port_ranges": [],
                "direction": "Inbound",
                "name": "Inbound-Rule-1",
                "priority": 101,
                "protocol": "Tcp",
                "source_address_prefix": "*",
                "source_address_prefixes": [],
                "source_application_security_group_ids": [],
                "source_port_range": "*",
                "source_port_ranges": []
              }
            ],
            "tags": {},
            "timeouts": null
          },
          "sensitive_attributes": [],
          "private": "eyJlMmJmYjczMC1lY2FhLTExZTYtOGY4OC0zNDM2M2JjN2M0YzAiOnsiY3JlYXRlIjoxODAwMDAwMDAwMDAwLCJkZWxldGUiOjE4MDAwMDAwMDAwMDAsInJlYWQiOjMwMDAwMDAwMDAwMCwidXBkYXRlIjoxODAwMDAwMDAwMDAwfX0=",
          "dependencies": [
            "azurerm_resource_group.rg",
            "random_string.myrandom"
          ]
        }
      ]
    },
    {
      "mode": "managed",
      "type": "azurerm_network_security_rule",
      "name": "bastion_nsg_rule_inbound",
      "provider": "provider[\"registry.terraform.io/hashicorp/azurerm\"]",
      "instances": [
        {
          "index_key": "100",
          "schema_version": 0,
          "attributes": {
            "access": "Allow",
            "description": "",
            "destination_address_prefix": "*",
            "destination_address_prefixes": [],
            "destination_application_security_group_ids": [],
            "destination_port_range": "22",
            "destination_port_ranges": [],
            "direction": "Inbound",
            "id": "/subscriptions/d379b4a7-3994-452b-b9e8-c084520b1523/resourceGroups/hr-dev-rg-default-mrbacc/providers/Microsoft.Network/networkSecurityGroups/hr-dev-vnet-default-bastionsubnet-nsg/securityRules/Rule-Port-22",
            "name": "Rule-Port-22",
            "network_security_group_name": "hr-dev-vnet-default-bastionsubnet-nsg",
            "priority": 100,
            "protocol": "Tcp",
            "resource_group_name": "hr-dev-rg-default-mrbacc",
            "source_address_prefix": "*",
            "source_address_prefixes": [],
            "source_application_security_group_ids": [],
            "source_port_range": "*",
            "source_port_ranges": [],
            "timeouts": null
          },
          "sensitive_attributes": [],
          "private": "eyJlMmJmYjczMC1lY2FhLTExZTYtOGY4OC0zNDM2M2JjN2M0YzAiOnsiY3JlYXRlIjoxODAwMDAwMDAwMDAwLCJkZWxldGUiOjE4MDAwMDAwMDAwMDAsInJlYWQiOjMwMDAwMDAwMDAwMCwidXBkYXRlIjoxODAwMDAwMDAwMDAwfX0=",
          "dependencies": [
            "azurerm_network_security_group.bastion_subnet_nsg",
            "azurerm_resource_group.rg",
            "azurerm_subnet.bastionsubnet",
            "azurerm_virtual_network.vnet",
            "random_string.myrandom"
          ]
        },
        {
          "index_key": "110",
          "schema_version": 0,
          "attributes": {
            "access": "Allow",
            "description": "",
            "destination_address_prefix": "*",
            "destination_address_prefixes": [],
            "destination_application_security_group_ids": [],
            "destination_port_range": "3389",
            "destination_port_ranges": [],
            "direction": "Inbound",
            "id": "/subscriptions/d379b4a7-3994-452b-b9e8-c084520b1523/resourceGroups/hr-dev-rg-default-mrbacc/providers/Microsoft.Network/networkSecurityGroups/hr-dev-vnet-default-bastionsubnet-nsg/securityRules/Rule-Port-3389",
            "name": "Rule-Port-3389",
            "network_security_group_name": "hr-dev-vnet-default-bastionsubnet-nsg",
            "priority": 110,
            "protocol": "Tcp",
            "resource_group_name": "hr-dev-rg-default-mrbacc",
            "source_address_prefix": "*",
            "source_address_prefixes": [],
            "source_application_security_group_ids": [],
            "source_port_range": "*",
            "source_port_ranges": [],
            "timeouts": null
          },
          "sensitive_attributes": [],
          "private": "eyJlMmJmYjczMC1lY2FhLTExZTYtOGY4OC0zNDM2M2JjN2M0YzAiOnsiY3JlYXRlIjoxODAwMDAwMDAwMDAwLCJkZWxldGUiOjE4MDAwMDAwMDAwMDAsInJlYWQiOjMwMDAwMDAwMDAwMCwidXBkYXRlIjoxODAwMDAwMDAwMDAwfX0=",
          "dependencies": [
            "azurerm_network_security_group.bastion_subnet_nsg",
            "azurerm_resource_group.rg",
            "azurerm_subnet.bastionsubnet",
            "azurerm_virtual_network.vnet",
            "random_string.myrandom"
          ]
        }
      ]
    },
    {
      "mode": "managed",
      "type": "azurerm_network_security_rule",
      "name": "web_nsg_rule_inbound",
      "provider": "provider[\"registry.terraform.io/hashicorp/azurerm\"]",
      "instances": [
        {
          "index_key": "100",
          "schema_version": 0,
          "attributes": {
            "access": "Allow",
            "description": "",
            "destination_address_prefix": "*",
            "destination_address_prefixes": [],
            "destination_application_security_group_ids": [],
            "destination_port_range": "80",
            "destination_port_ranges": [],
            "direction": "Inbound",
            "id": "/subscriptions/d379b4a7-3994-452b-b9e8-c084520b1523/resourceGroups/hr-dev-rg-default-mrbacc/providers/Microsoft.Network/networkSecurityGroups/hr-dev-vnet-default-websubnet-nsg/securityRules/Rule-Port-80",
            "name": "Rule-Port-80",
            "network_security_group_name": "hr-dev-vnet-default-websubnet-nsg",
            "priority": 100,
            "protocol": "Tcp",
            "resource_group_name": "hr-dev-rg-default-mrbacc",
            "source_address_prefix": "*",
            "source_address_prefixes": [],
            "source_application_security_group_ids": [],
            "source_port_range": "*",
            "source_port_ranges": [],
            "timeouts": null
          },
          "sensitive_attributes": [],
          "private": "eyJlMmJmYjczMC1lY2FhLTExZTYtOGY4OC0zNDM2M2JjN2M0YzAiOnsiY3JlYXRlIjoxODAwMDAwMDAwMDAwLCJkZWxldGUiOjE4MDAwMDAwMDAwMDAsInJlYWQiOjMwMDAwMDAwMDAwMCwidXBkYXRlIjoxODAwMDAwMDAwMDAwfX0=",
          "dependencies": [
            "azurerm_network_security_group.web_subnet_nsg",
            "azurerm_resource_group.rg",
            "azurerm_subnet.websubnet",
            "azurerm_virtual_network.vnet",
            "random_string.myrandom"
          ]
        },
        {
          "index_key": "110",
          "schema_version": 0,
          "attributes": {
            "access": "Allow",
            "description": "",
            "destination_address_prefix": "*",
            "destination_address_prefixes": [],
            "destination_application_security_group_ids": [],
            "destination_port_range": "443",
            "destination_port_ranges": [],
            "direction": "Inbound",
            "id": "/subscriptions/d379b4a7-3994-452b-b9e8-c084520b1523/resourceGroups/hr-dev-rg-default-mrbacc/providers/Microsoft.Network/networkSecurityGroups/hr-dev-vnet-default-websubnet-nsg/securityRules/Rule-Port-443",
            "name": "Rule-Port-443",
            "network_security_group_name": "hr-dev-vnet-default-websubnet-nsg",
            "priority": 110,
            "protocol": "Tcp",
            "resource_group_name": "hr-dev-rg-default-mrbacc",
            "source_address_prefix": "*",
            "source_address_prefixes": [],
            "source_application_security_group_ids": [],
            "source_port_range": "*",
            "source_port_ranges": [],
            "timeouts": null
          },
          "sensitive_attributes": [],
          "private": "eyJlMmJmYjczMC1lY2FhLTExZTYtOGY4OC0zNDM2M2JjN2M0YzAiOnsiY3JlYXRlIjoxODAwMDAwMDAwMDAwLCJkZWxldGUiOjE4MDAwMDAwMDAwMDAsInJlYWQiOjMwMDAwMDAwMDAwMCwidXBkYXRlIjoxODAwMDAwMDAwMDAwfX0=",
          "dependencies": [
            "azurerm_network_security_group.web_subnet_nsg",
            "azurerm_resource_group.rg",
            "azurerm_subnet.websubnet",
            "azurerm_virtual_network.vnet",
            "random_string.myrandom"
          ]
        },
        {
          "index_key": "120",
          "schema_version": 0,
          "attributes": {
            "access": "Allow",
            "description": "",
            "destination_address_prefix": "*",
            "destination_address_prefixes": [],
            "destination_application_security_group_ids": [],
            "destination_port_range": "22",
            "destination_port_ranges": [],
            "direction": "Inbound",
            "id": "/subscriptions/d379b4a7-3994-452b-b9e8-c084520b1523/resourceGroups/hr-dev-rg-default-mrbacc/providers/Microsoft.Network/networkSecurityGroups/hr-dev-vnet-default-websubnet-nsg/securityRules/Rule-Port-22",
            "name": "Rule-Port-22",
            "network_security_group_name": "hr-dev-vnet-default-websubnet-nsg",
            "priority": 120,
            "protocol": "Tcp",
            "resource_group_name": "hr-dev-rg-default-mrbacc",
            "source_address_prefix": "*",
            "source_address_prefixes": [],
            "source_application_security_group_ids": [],
            "source_port_range": "*",
            "source_port_ranges": [],
            "timeouts": null
          },
          "sensitive_attributes": [],
          "private": "eyJlMmJmYjczMC1lY2FhLTExZTYtOGY4OC0zNDM2M2JjN2M0YzAiOnsiY3JlYXRlIjoxODAwMDAwMDAwMDAwLCJkZWxldGUiOjE4MDAwMDAwMDAwMDAsInJlYWQiOjMwMDAwMDAwMDAwMCwidXBkYXRlIjoxODAwMDAwMDAwMDAwfX0=",
          "dependencies": [
            "azurerm_network_security_group.web_subnet_nsg",
            "azurerm_resource_group.rg",
            "azurerm_subnet.websubnet",
            "azurerm_virtual_network.vnet",
            "random_string.myrandom"
          ]
        }
      ]
    },
    {
      "mode": "managed",
      "type": "azurerm_public_ip",
      "name": "bastion_linux_publicip",
      "provider": "provider[\"registry.terraform.io/hashicorp/azurerm\"]",
      "instances": [
        {
          "schema_version": 0,
          "attributes": {
            "allocation_method": "Static",
            "domain_name_label": null,
            "edge_zone": "",
            "fqdn": null,
            "id": "/subscriptions/d379b4a7-3994-452b-b9e8-c084520b1523/resourceGroups/hr-dev-rg-default-mrbacc/providers/Microsoft.Network/publicIPAddresses/hr-dev-bastion-linux-publicip",
            "idle_timeout_in_minutes": 4,
            "ip_address": "20.168.254.235",
            "ip_tags": {},
            "ip_version": "IPv4",
            "location": "eastus",
            "name": "hr-dev-bastion-linux-publicip",
            "public_ip_prefix_id": null,
            "resource_group_name": "hr-dev-rg-default-mrbacc",
            "reverse_fqdn": null,
            "sku": "Standard",
            "sku_tier": "Regional",
            "tags": {},
            "timeouts": null,
            "zones": []
          },
          "sensitive_attributes": [],
          "private": "eyJlMmJmYjczMC1lY2FhLTExZTYtOGY4OC0zNDM2M2JjN2M0YzAiOnsiY3JlYXRlIjoxODAwMDAwMDAwMDAwLCJkZWxldGUiOjE4MDAwMDAwMDAwMDAsInJlYWQiOjMwMDAwMDAwMDAwMCwidXBkYXRlIjoxODAwMDAwMDAwMDAwfX0=",
          "dependencies": [
            "azurerm_resource_group.rg",
            "random_string.myrandom"
          ]
        }
      ]
    },
    {
      "mode": "managed",
      "type": "azurerm_public_ip",
      "name": "bastion_service_publicip",
      "provider": "provider[\"registry.terraform.io/hashicorp/azurerm\"]",
      "instances": [
        {
          "schema_version": 0,
          "attributes": {
            "allocation_method": "Static",
            "domain_name_label": null,
            "edge_zone": "",
            "fqdn": null,
            "id": "/subscriptions/d379b4a7-3994-452b-b9e8-c084520b1523/resourceGroups/hr-dev-rg-default-mrbacc/providers/Microsoft.Network/publicIPAddresses/hr-dev-bastion-host",
            "idle_timeout_in_minutes": 4,
            "ip_address": "20.168.254.220",
            "ip_tags": {},
            "ip_version": "IPv4",
            "location": "eastus",
            "name": "hr-dev-bastion-host",
            "public_ip_prefix_id": null,
            "resource_group_name": "hr-dev-rg-default-mrbacc",
            "reverse_fqdn": null,
            "sku": "Standard",
            "sku_tier": "Regional",
            "tags": {},
            "timeouts": null,
            "zones": []
          },
          "sensitive_attributes": [],
          "private": "eyJlMmJmYjczMC1lY2FhLTExZTYtOGY4OC0zNDM2M2JjN2M0YzAiOnsiY3JlYXRlIjoxODAwMDAwMDAwMDAwLCJkZWxldGUiOjE4MDAwMDAwMDAwMDAsInJlYWQiOjMwMDAwMDAwMDAwMCwidXBkYXRlIjoxODAwMDAwMDAwMDAwfX0=",
          "dependencies": [
            "azurerm_resource_group.rg",
            "random_string.myrandom"
          ]
        }
      ]
    },
    {
      "mode": "managed",
      "type": "azurerm_public_ip",
      "name": "web_lbpublicip",
      "provider": "provider[\"registry.terraform.io/hashicorp/azurerm\"]",
      "instances": [
        {
          "schema_version": 0,
          "attributes": {
            "allocation_method": "Static",
            "domain_name_label": null,
            "edge_zone": "",
            "fqdn": null,
            "id": "/subscriptions/d379b4a7-3994-452b-b9e8-c084520b1523/resourceGroups/hr-dev-rg-default-mrbacc/providers/Microsoft.Network/publicIPAddresses/hr-dev-lbpublicip",
            "idle_timeout_in_minutes": 4,
            "ip_address": "20.168.254.231",
            "ip_tags": {},
            "ip_version": "IPv4",
            "location": "eastus",
            "name": "hr-dev-lbpublicip",
            "public_ip_prefix_id": null,
            "resource_group_name": "hr-dev-rg-default-mrbacc",
            "reverse_fqdn": null,
            "sku": "Standard",
            "sku_tier": "Regional",
            "tags": {
              "environment": "dev",
              "owners": "hr"
            },
            "timeouts": null,
            "zones": []
          },
          "sensitive_attributes": [],
          "private": "eyJlMmJmYjczMC1lY2FhLTExZTYtOGY4OC0zNDM2M2JjN2M0YzAiOnsiY3JlYXRlIjoxODAwMDAwMDAwMDAwLCJkZWxldGUiOjE4MDAwMDAwMDAwMDAsInJlYWQiOjMwMDAwMDAwMDAwMCwidXBkYXRlIjoxODAwMDAwMDAwMDAwfX0=",
          "dependencies": [
            "azurerm_resource_group.rg",
            "random_string.myrandom"
          ]
        }
      ]
    },
    {
      "mode": "managed",
      "type": "azurerm_resource_group",
      "name": "rg",
      "provider": "provider[\"registry.terraform.io/hashicorp/azurerm\"]",
      "instances": [
        {
          "schema_version": 0,
          "attributes": {
            "id": "/subscriptions/d379b4a7-3994-452b-b9e8-c084520b1523/resourceGroups/hr-dev-rg-default-mrbacc",
            "location": "eastus",
            "name": "hr-dev-rg-default-mrbacc",
            "tags": {
              "environment": "dev",
              "owners": "hr"
            },
            "timeouts": null
          },
          "sensitive_attributes": [],
          "private": "eyJlMmJmYjczMC1lY2FhLTExZTYtOGY4OC0zNDM2M2JjN2M0YzAiOnsiY3JlYXRlIjo1NDAwMDAwMDAwMDAwLCJkZWxldGUiOjU0MDAwMDAwMDAwMDAsInJlYWQiOjMwMDAwMDAwMDAwMCwidXBkYXRlIjo1NDAwMDAwMDAwMDAwfX0=",
          "dependencies": [
            "random_string.myrandom"
          ]
        }
      ]
    },
    {
      "mode": "managed",
      "type": "azurerm_subnet",
      "name": "bastion_service_subnet",
      "provider": "provider[\"registry.terraform.io/hashicorp/azurerm\"]",
      "instances": [
        {
          "schema_version": 0,
          "attributes": {
            "address_prefixes": [
              "10.0.101.0/27"
            ],
            "delegation": [],
            "enforce_private_link_endpoint_network_policies": false,
            "enforce_private_link_service_network_policies": false,
            "id": "/subscriptions/d379b4a7-3994-452b-b9e8-c084520b1523/resourceGroups/hr-dev-rg-default-mrbacc/providers/Microsoft.Network/virtualNetworks/hr-dev-vnet-default/subnets/AzureBastionSubnet",
            "name": "AzureBastionSubnet",
            "resource_group_name": "hr-dev-rg-default-mrbacc",
            "service_endpoint_policy_ids": [],
            "service_endpoints": [],
            "timeouts": null,
            "virtual_network_name": "hr-dev-vnet-default"
          },
          "sensitive_attributes": [],
          "private": "eyJlMmJmYjczMC1lY2FhLTExZTYtOGY4OC0zNDM2M2JjN2M0YzAiOnsiY3JlYXRlIjoxODAwMDAwMDAwMDAwLCJkZWxldGUiOjE4MDAwMDAwMDAwMDAsInJlYWQiOjMwMDAwMDAwMDAwMCwidXBkYXRlIjoxODAwMDAwMDAwMDAwfX0=",
          "dependencies": [
            "azurerm_resource_group.rg",
            "azurerm_virtual_network.vnet",
            "random_string.myrandom"
          ]
        }
      ]
    },
    {
      "mode": "managed",
      "type": "azurerm_subnet",
      "name": "bastionsubnet",
      "provider": "provider[\"registry.terraform.io/hashicorp/azurerm\"]",
      "instances": [
        {
          "schema_version": 0,
          "attributes": {
            "address_prefixes": [
              "10.0.100.0/24"
            ],
            "delegation": [],
            "enforce_private_link_endpoint_network_policies": false,
            "enforce_private_link_service_network_policies": false,
            "id": "/subscriptions/d379b4a7-3994-452b-b9e8-c084520b1523/resourceGroups/hr-dev-rg-default-mrbacc/providers/Microsoft.Network/virtualNetworks/hr-dev-vnet-default/subnets/hr-dev-vnet-default-bastionsubnet",
            "name": "hr-dev-vnet-default-bastionsubnet",
            "resource_group_name": "hr-dev-rg-default-mrbacc",
            "service_endpoint_policy_ids": [],
            "service_endpoints": [],
            "timeouts": null,
            "virtual_network_name": "hr-dev-vnet-default"
          },
          "sensitive_attributes": [],
          "private": "eyJlMmJmYjczMC1lY2FhLTExZTYtOGY4OC0zNDM2M2JjN2M0YzAiOnsiY3JlYXRlIjoxODAwMDAwMDAwMDAwLCJkZWxldGUiOjE4MDAwMDAwMDAwMDAsInJlYWQiOjMwMDAwMDAwMDAwMCwidXBkYXRlIjoxODAwMDAwMDAwMDAwfX0=",
          "dependencies": [
            "azurerm_resource_group.rg",
            "azurerm_virtual_network.vnet",
            "random_string.myrandom"
          ]
        }
      ]
    },
    {
      "mode": "managed",
      "type": "azurerm_subnet",
      "name": "websubnet",
      "provider": "provider[\"registry.terraform.io/hashicorp/azurerm\"]",
      "instances": [
        {
          "schema_version": 0,
          "attributes": {
            "address_prefixes": [
              "10.0.1.0/24"
            ],
            "delegation": [],
            "enforce_private_link_endpoint_network_policies": false,
            "enforce_private_link_service_network_policies": false,
            "id": "/subscriptions/d379b4a7-3994-452b-b9e8-c084520b1523/resourceGroups/hr-dev-rg-default-mrbacc/providers/Microsoft.Network/virtualNetworks/hr-dev-vnet-default/subnets/hr-dev-vnet-default-websubnet",
            "name": "hr-dev-vnet-default-websubnet",
            "resource_group_name": "hr-dev-rg-default-mrbacc",
            "service_endpoint_policy_ids": [],
            "service_endpoints": [],
            "timeouts": null,
            "virtual_network_name": "hr-dev-vnet-default"
          },
          "sensitive_attributes": [],
          "private": "eyJlMmJmYjczMC1lY2FhLTExZTYtOGY4OC0zNDM2M2JjN2M0YzAiOnsiY3JlYXRlIjoxODAwMDAwMDAwMDAwLCJkZWxldGUiOjE4MDAwMDAwMDAwMDAsInJlYWQiOjMwMDAwMDAwMDAwMCwidXBkYXRlIjoxODAwMDAwMDAwMDAwfX0=",
          "dependencies": [
            "azurerm_resource_group.rg",
            "azurerm_virtual_network.vnet",
            "random_string.myrandom"
          ]
        }
      ]
    },
    {
      "mode": "managed",
      "type": "azurerm_subnet_network_security_group_association",
      "name": "bastion_subnet_nsg_associate",
      "provider": "provider[\"registry.terraform.io/hashicorp/azurerm\"]",
      "instances": [
        {
          "schema_version": 0,
          "attributes": {
            "id": "/subscriptions/d379b4a7-3994-452b-b9e8-c084520b1523/resourceGroups/hr-dev-rg-default-mrbacc/providers/Microsoft.Network/virtualNetworks/hr-dev-vnet-default/subnets/hr-dev-vnet-default-bastionsubnet",
            "network_security_group_id": "/subscriptions/d379b4a7-3994-452b-b9e8-c084520b1523/resourceGroups/hr-dev-rg-default-mrbacc/providers/Microsoft.Network/networkSecurityGroups/hr-dev-vnet-default-bastionsubnet-nsg",
            "subnet_id": "/subscriptions/d379b4a7-3994-452b-b9e8-c084520b1523/resourceGroups/hr-dev-rg-default-mrbacc/providers/Microsoft.Network/virtualNetworks/hr-dev-vnet-default/subnets/hr-dev-vnet-default-bastionsubnet",
            "timeouts": null
          },
          "sensitive_attributes": [],
          "private": "eyJlMmJmYjczMC1lY2FhLTExZTYtOGY4OC0zNDM2M2JjN2M0YzAiOnsiY3JlYXRlIjoxODAwMDAwMDAwMDAwLCJkZWxldGUiOjE4MDAwMDAwMDAwMDAsInJlYWQiOjMwMDAwMDAwMDAwMCwidXBkYXRlIjoxODAwMDAwMDAwMDAwfX0=",
          "dependencies": [
            "azurerm_network_security_group.bastion_subnet_nsg",
            "azurerm_network_security_rule.bastion_nsg_rule_inbound",
            "azurerm_resource_group.rg",
            "azurerm_subnet.bastionsubnet",
            "azurerm_virtual_network.vnet",
            "random_string.myrandom"
          ]
        }
      ]
    },
    {
      "mode": "managed",
      "type": "azurerm_subnet_network_security_group_association",
      "name": "web_subnet_nsg_associate",
      "provider": "provider[\"registry.terraform.io/hashicorp/azurerm\"]",
      "instances": [
        {
          "schema_version": 0,
          "attributes": {
            "id": "/subscriptions/d379b4a7-3994-452b-b9e8-c084520b1523/resourceGroups/hr-dev-rg-default-mrbacc/providers/Microsoft.Network/virtualNetworks/hr-dev-vnet-default/subnets/hr-dev-vnet-default-websubnet",
            "network_security_group_id": "/subscriptions/d379b4a7-3994-452b-b9e8-c084520b1523/resourceGroups/hr-dev-rg-default-mrbacc/providers/Microsoft.Network/networkSecurityGroups/hr-dev-vnet-default-websubnet-nsg",
            "subnet_id": "/subscriptions/d379b4a7-3994-452b-b9e8-c084520b1523/resourceGroups/hr-dev-rg-default-mrbacc/providers/Microsoft.Network/virtualNetworks/hr-dev-vnet-default/subnets/hr-dev-vnet-default-websubnet",
            "timeouts": null
          },
          "sensitive_attributes": [],
          "private": "eyJlMmJmYjczMC1lY2FhLTExZTYtOGY4OC0zNDM2M2JjN2M0YzAiOnsiY3JlYXRlIjoxODAwMDAwMDAwMDAwLCJkZWxldGUiOjE4MDAwMDAwMDAwMDAsInJlYWQiOjMwMDAwMDAwMDAwMCwidXBkYXRlIjoxODAwMDAwMDAwMDAwfX0=",
          "dependencies": [
            "azurerm_network_security_group.web_subnet_nsg",
            "azurerm_network_security_rule.web_nsg_rule_inbound",
            "azurerm_resource_group.rg",
            "azurerm_subnet.websubnet",
            "azurerm_virtual_network.vnet",
            "random_string.myrandom"
          ]
        }
      ]
    },
    {
      "mode": "managed",
      "type": "azurerm_virtual_network",
      "name": "vnet",
      "provider": "provider[\"registry.terraform.io/hashicorp/azurerm\"]",
      "instances": [
        {
          "schema_version": 0,
          "attributes": {
            "address_space": [
              "10.0.0.0/16"
            ],
            "bgp_community": "",
            "ddos_protection_plan": [],
            "dns_servers": [],
            "edge_zone": "",
            "flow_timeout_in_minutes": 0,
            "guid": "a85a5a6c-0168-4fe6-83ff-65dde487fb9f",
            "id": "/subscriptions/d379b4a7-3994-452b-b9e8-c084520b1523/resourceGroups/hr-dev-rg-default-mrbacc/providers/Microsoft.Network/virtualNetworks/hr-dev-vnet-default",
            "location": "eastus",
            "name": "hr-dev-vnet-default",
            "resource_group_name": "hr-dev-rg-default-mrbacc",
            "subnet": [
              {
                "address_prefix": "10.0.1.0/24",
                "id": "/subscriptions/d379b4a7-3994-452b-b9e8-c084520b1523/resourceGroups/hr-dev-rg-default-mrbacc/providers/Microsoft.Network/virtualNetworks/hr-dev-vnet-default/subnets/hr-dev-vnet-default-websubnet",
                "name": "hr-dev-vnet-default-websubnet",
                "security_group": "/subscriptions/d379b4a7-3994-452b-b9e8-c084520b1523/resourceGroups/hr-dev-rg-default-mrbacc/providers/Microsoft.Network/networkSecurityGroups/hr-dev-vnet-default-websubnet-nsg"
              },
              {
                "address_prefix": "10.0.100.0/24",
                "id": "/subscriptions/d379b4a7-3994-452b-b9e8-c084520b1523/resourceGroups/hr-dev-rg-default-mrbacc/providers/Microsoft.Network/virtualNetworks/hr-dev-vnet-default/subnets/hr-dev-vnet-default-bastionsubnet",
                "name": "hr-dev-vnet-default-bastionsubnet",
                "security_group": "/subscriptions/d379b4a7-3994-452b-b9e8-c084520b1523/resourceGroups/hr-dev-rg-default-mrbacc/providers/Microsoft.Network/networkSecurityGroups/hr-dev-vnet-default-bastionsubnet-nsg"
              },
              {
                "address_prefix": "10.0.101.0/27",
                "id": "/subscriptions/d379b4a7-3994-452b-b9e8-c084520b1523/resourceGroups/hr-dev-rg-default-mrbacc/providers/Microsoft.Network/virtualNetworks/hr-dev-vnet-default/subnets/AzureBastionSubnet",
                "name": "AzureBastionSubnet",
                "security_group": ""
              }
            ],
            "tags": {
              "environment": "dev",
              "owners": "hr"
            },
            "timeouts": null
          },
          "sensitive_attributes": [],
          "private": "eyJlMmJmYjczMC1lY2FhLTExZTYtOGY4OC0zNDM2M2JjN2M0YzAiOnsiY3JlYXRlIjoxODAwMDAwMDAwMDAwLCJkZWxldGUiOjE4MDAwMDAwMDAwMDAsInJlYWQiOjMwMDAwMDAwMDAwMCwidXBkYXRlIjoxODAwMDAwMDAwMDAwfX0=",
          "dependencies": [
            "azurerm_resource_group.rg",
            "random_string.myrandom"
          ]
        }
      ]
    },
    {
      "mode": "managed",
      "type": "null_resource",
      "name": "null_resource_to_copy_ssh",
      "provider": "provider[\"registry.terraform.io/hashicorp/null\"]",
      "instances": [
        {
          "schema_version": 0,
          "attributes": {
            "id": "1270814258145116404",
            "triggers": null
          },
          "sensitive_attributes": [],
          "dependencies": [
            "azurerm_linux_virtual_machine.bstion_linuxvm",
            "azurerm_network_interface.bastion_linux_vm_nic",
            "azurerm_public_ip.bastion_linux_publicip",
            "azurerm_resource_group.rg",
            "azurerm_subnet.bastionsubnet",
            "azurerm_virtual_network.vnet",
            "random_string.myrandom"
          ]
        }
      ]
    },
    {
      "mode": "managed",
      "type": "random_string",
      "name": "myrandom",
      "provider": "provider[\"registry.terraform.io/hashicorp/random\"]",
      "instances": [
        {
          "schema_version": 2,
          "attributes": {
            "id": "mrbacc",
            "keepers": null,
            "length": 6,
            "lower": true,
            "min_lower": 0,
            "min_numeric": 0,
            "min_special": 0,
            "min_upper": 0,
            "number": false,
            "numeric": false,
            "override_special": null,
            "result": "mrbacc",
            "special": false,
            "upper": false
          },
          "sensitive_attributes": []
        }
      ]
    }
  ]
}
